
Microsoft Visual Studio Solution File, Format Version 12.00
# Visual Studio Version 17
VisualStudioVersion = 17.14.36518.9 d17.14
MinimumVisualStudioVersion = 10.0.40219.1
Project("{FAE04EC0-301F-11D3-BF4B-00C04F79EFBC}") = "NormlizaDatos", "NormlizaDatos\NormlizaDatos.csproj", "{7697FE3F-0436-4317-A773-7522260DC324}"
EndProject
Project("{2150E333-8FDC-42A3-9474-1A3956D46DE8}") = "Ejercicio1", "Ejercicio1", "{02EA681E-C7D8-13C7-8484-4AC65E1B71E8}"
EndProject
Project("{FAE04EC0-301F-11D3-BF4B-00C04F79EFBC}") = "ConsoleApp1", "ConsoleApp1\ConsoleApp1.csproj", "{A7AC3B16-21C4-4FDD-A457-369DAC50B45E}"
EndProject
Project("{2150E333-8FDC-42A3-9474-1A3956D46DE8}") = "Ejercicio2", "Ejercicio2", "{1AA2D93A-B35D-4E8A-A954-E39E528CFA70}"
EndProject
Project("{FAE04EC0-301F-11D3-BF4B-00C04F79EFBC}") = "ConsoleApp2", "ConsoleApp2\ConsoleApp2.csproj", "{3D5D20E2-31BF-4499-9F92-7BA6D2EA645C}"
EndProject
Project("{2150E333-8FDC-42A3-9474-1A3956D46DE8}") = "Ejercicio3", "Ejercicio3", "{2CB7A49C-C137-404D-BF6F-08374D8E7A6E}"
EndProject
Project("{FAE04EC0-301F-11D3-BF4B-00C04F79EFBC}") = "ConsoleApp3", "ConsoleApp3\ConsoleApp3.csproj", "{4CB9FCC4-0CFC-49D6-81F6-9859A188E3CA}"
EndProject
Global
	GlobalSection(SolutionConfigurationPlatforms) = preSolution
		Debug|Any CPU = Debug|Any CPU
		Release|Any CPU = Release|Any CPU
	EndGlobalSection
	GlobalSection(ProjectConfigurationPlatforms) = postSolution
		{7697FE3F-0436-4317-A773-7522260DC324}.Debug|Any CPU.ActiveCfg = Debug|Any CPU
		{7697FE3F-0436-4317-A773-7522260DC324}.Debug|Any CPU.Build.0 = Debug|Any CPU
		{7697FE3F-0436-4317-A773-7522260DC324}.Release|Any CPU.ActiveCfg = Release|Any CPU
		{7697FE3F-0436-4317-A773-7522260DC324}.Release|Any CPU.Build.0 = Release|Any CPU
		{A7AC3B16-21C4-4FDD-A457-369DAC50B45E}.Debug|Any CPU.ActiveCfg = Debug|Any CPU
		{A7AC3B16-21C4-4FDD-A457-369DAC50B45E}.Debug|Any CPU.Build.0 = Debug|Any CPU
		{A7AC3B16-21C4-4FDD-A457-369DAC50B45E}.Release|Any CPU.ActiveCfg = Release|Any CPU
		{A7AC3B16-21C4-4FDD-A457-369DAC50B45E}.Release|Any CPU.Build.0 = Release|Any CPU
		{3D5D20E2-31BF-4499-9F92-7BA6D2EA645C}.Debug|Any CPU.ActiveCfg = Debug|Any CPU
		{3D5D20E2-31BF-4499-9F92-7BA6D2EA645C}.Debug|Any CPU.Build.0 = Debug|Any CPU
		{3D5D20E2-31BF-4499-9F92-7BA6D2EA645C}.Release|Any CPU.ActiveCfg = Release|Any CPU
		{3D5D20E2-31BF-4499-9F92-7BA6D2EA645C}.Release|Any CPU.Build.0 = Release|Any CPU
		{4CB9FCC4-0CFC-49D6-81F6-9859A188E3CA}.Debug|Any CPU.ActiveCfg = Debug|Any CPU
		{4CB9FCC4-0CFC-49D6-81F6-9859A188E3CA}.Debug|Any CPU.Build.0 = Debug|Any CPU
		{4CB9FCC4-0CFC-49D6-81F6-9859A188E3CA}.Release|Any CPU.ActiveCfg = Release|Any CPU
		{4CB9FCC4-0CFC-49D6-81F6-9859A188E3CA}.Release|Any CPU.Build.0 = Release|Any CPU
	EndGlobalSection
	GlobalSection(SolutionProperties) = preSolution
		HideSolutionNode = FALSE
	EndGlobalSection
	GlobalSection(NestedProjects) = preSolution
		{A7AC3B16-21C4-4FDD-A457-369DAC50B45E} = {02EA681E-C7D8-13C7-8484-4AC65E1B71E8}
		{3D5D20E2-31BF-4499-9F92-7BA6D2EA645C} = {1AA2D93A-B35D-4E8A-A954-E39E528CFA70}
		{4CB9FCC4-0CFC-49D6-81F6-9859A188E3CA} = {2CB7A49C-C137-404D-BF6F-08374D8E7A6E}
	EndGlobalSection
	GlobalSection(ExtensibilityGlobals) = postSolution
		SolutionGuid = {465A7BDE-6D34-42F9-830E-D299B476599E}
	EndGlobalSection
EndGlobal
