
Microsoft Visual Studio Solution File, Format Version 12.00
# Visual Studio Version 17
VisualStudioVersion = 17.14.36518.9 d17.14
MinimumVisualStudioVersion = 10.0.40219.1
Project("{FAE04EC0-301F-11D3-BF4B-00C04F79EFBC}") = "WebMVCSencilla", "WebMVCSencilla\WebMVCSencilla.csproj", "{8791C642-8DBB-4FAE-A787-E5687D6FEC39}"
EndProject
Project("{FAE04EC0-301F-11D3-BF4B-00C04F79EFBC}") = "WebMVCRUDSencilla", "WebMVCRUDSencilla\WebMVCRUDSencilla.csproj", "{74AD66B2-B1D0-4AEF-922C-6977A3A0A0C4}"
EndProject
Global
	GlobalSection(SolutionConfigurationPlatforms) = preSolution
		Debug|Any CPU = Debug|Any CPU
		Release|Any CPU = Release|Any CPU
	EndGlobalSection
	GlobalSection(ProjectConfigurationPlatforms) = postSolution
		{8791C642-8DBB-4FAE-A787-E5687D6FEC39}.Debug|Any CPU.ActiveCfg = Debug|Any CPU
		{8791C642-8DBB-4FAE-A787-E5687D6FEC39}.Debug|Any CPU.Build.0 = Debug|Any CPU
		{8791C642-8DBB-4FAE-A787-E5687D6FEC39}.Release|Any CPU.ActiveCfg = Release|Any CPU
		{8791C642-8DBB-4FAE-A787-E5687D6FEC39}.Release|Any CPU.Build.0 = Release|Any CPU
		{74AD66B2-B1D0-4AEF-922C-6977A3A0A0C4}.Debug|Any CPU.ActiveCfg = Debug|Any CPU
		{74AD66B2-B1D0-4AEF-922C-6977A3A0A0C4}.Debug|Any CPU.Build.0 = Debug|Any CPU
		{74AD66B2-B1D0-4AEF-922C-6977A3A0A0C4}.Release|Any CPU.ActiveCfg = Release|Any CPU
		{74AD66B2-B1D0-4AEF-922C-6977A3A0A0C4}.Release|Any CPU.Build.0 = Release|Any CPU
	EndGlobalSection
	GlobalSection(SolutionProperties) = preSolution
		HideSolutionNode = FALSE
	EndGlobalSection
	GlobalSection(ExtensibilityGlobals) = postSolution
		SolutionGuid = {BAFD1B71-0832-445F-A59F-C5EC3DC85D03}
	EndGlobalSection
EndGlobal
