
Microsoft Visual Studio Solution File, Format Version 12.00
# Visual Studio Version 17
VisualStudioVersion = 17.14.36518.9
MinimumVisualStudioVersion = 10.0.40219.1
Project("{FAE04EC0-301F-11D3-BF4B-00C04F79EFBC}") = "ASP_A1_1_EjerciciosDeRepaso", "ASP_A1_1_EjerciciosDeRepaso\ASP_A1_1_EjerciciosDeRepaso.csproj", "{BFB01962-B428-4422-9BAD-04A85B665CAC}"
EndProject
Project("{FAE04EC0-301F-11D3-BF4B-00C04F79EFBC}") = "Ejercicio_1", "Ejercicio_1\Ejercicio_1.csproj", "{62079A95-69DD-4A7F-A285-8EDE19EA7B9C}"
EndProject
Project("{FAE04EC0-301F-11D3-BF4B-00C04F79EFBC}") = "Ejercicio_3", "Ejercicio_3\Ejercicio_3.csproj", "{86D2311F-59C6-4CED-8D2B-CB5DF8341C05}"
EndProject
Project("{FAE04EC0-301F-11D3-BF4B-00C04F79EFBC}") = "Ejercicio_4", "Ejercicio_4\Ejercicio_4.csproj", "{7AADF6C7-182D-439C-977B-707045944D81}"
EndProject
Project("{FAE04EC0-301F-11D3-BF4B-00C04F79EFBC}") = "Ejercicio_5", "Ejercicio_5\Ejercicio_5.csproj", "{A6B5C4FF-2370-4C2F-9B7A-A487B91C0438}"
EndProject
Project("{FAE04EC0-301F-11D3-BF4B-00C04F79EFBC}") = "Ejercicio_6", "Ejercicio_6\Ejercicio_6.csproj", "{C54BC58A-C498-49EB-B216-35AC766FAB16}"
EndProject
Project("{FAE04EC0-301F-11D3-BF4B-00C04F79EFBC}") = "Ejercicio_7", "Ejercicio_7\Ejercicio_7.csproj", "{DBDEC334-5F4A-4ADD-861B-CE336FC0FED1}"
EndProject
Project("{FAE04EC0-301F-11D3-BF4B-00C04F79EFBC}") = "Ejercicio_8", "Ejercicio_8\Ejercicio_8.csproj", "{59DFCB13-DFE6-4DED-A1F4-0A118E5FBE49}"
EndProject
Project("{FAE04EC0-301F-11D3-BF4B-00C04F79EFBC}") = "Ejercicio_9", "Ejercicio_9\Ejercicio_9.csproj", "{970FE131-2261-4541-9338-CC5676D447BF}"
EndProject
Project("{FAE04EC0-301F-11D3-BF4B-00C04F79EFBC}") = "Ejercicio_10", "Ejercicio_10\Ejercicio_10.csproj", "{E70840D1-18A8-4812-B776-DFBA8064538A}"
EndProject
Project("{FAE04EC0-301F-11D3-BF4B-00C04F79EFBC}") = "Ejercicio_11", "Ejercicio_11\Ejercicio_11.csproj", "{749A4214-0B29-47C4-B1D8-E5D9570FA367}"
	ProjectSection(ProjectDependencies) = postProject
		{59DFCB13-DFE6-4DED-A1F4-0A118E5FBE49} = {59DFCB13-DFE6-4DED-A1F4-0A118E5FBE49}
	EndProjectSection
EndProject
Project("{FAE04EC0-301F-11D3-BF4B-00C04F79EFBC}") = "Ejercicio_2", "Ejercicio_2\Ejercicio_2.csproj", "{90189A20-321D-4EB2-83C7-9A7B555A1C47}"
EndProject
Project("{FAE04EC0-301F-11D3-BF4B-00C04F79EFBC}") = "Ejercicio_12_practicar", "Ejercicio_12_practicar\Ejercicio_12_practicar.csproj", "{7048E6C6-782B-4FC2-BF45-CF1D8C776EE8}"
EndProject
Global
	GlobalSection(SolutionConfigurationPlatforms) = preSolution
		Debug|Any CPU = Debug|Any CPU
		Release|Any CPU = Release|Any CPU
	EndGlobalSection
	GlobalSection(ProjectConfigurationPlatforms) = postSolution
		{BFB01962-B428-4422-9BAD-04A85B665CAC}.Debug|Any CPU.ActiveCfg = Debug|Any CPU
		{BFB01962-B428-4422-9BAD-04A85B665CAC}.Debug|Any CPU.Build.0 = Debug|Any CPU
		{BFB01962-B428-4422-9BAD-04A85B665CAC}.Release|Any CPU.ActiveCfg = Release|Any CPU
		{BFB01962-B428-4422-9BAD-04A85B665CAC}.Release|Any CPU.Build.0 = Release|Any CPU
		{62079A95-69DD-4A7F-A285-8EDE19EA7B9C}.Debug|Any CPU.ActiveCfg = Debug|Any CPU
		{62079A95-69DD-4A7F-A285-8EDE19EA7B9C}.Debug|Any CPU.Build.0 = Debug|Any CPU
		{62079A95-69DD-4A7F-A285-8EDE19EA7B9C}.Release|Any CPU.ActiveCfg = Release|Any CPU
		{62079A95-69DD-4A7F-A285-8EDE19EA7B9C}.Release|Any CPU.Build.0 = Release|Any CPU
		{86D2311F-59C6-4CED-8D2B-CB5DF8341C05}.Debug|Any CPU.ActiveCfg = Debug|Any CPU
		{86D2311F-59C6-4CED-8D2B-CB5DF8341C05}.Debug|Any CPU.Build.0 = Debug|Any CPU
		{86D2311F-59C6-4CED-8D2B-CB5DF8341C05}.Release|Any CPU.ActiveCfg = Release|Any CPU
		{86D2311F-59C6-4CED-8D2B-CB5DF8341C05}.Release|Any CPU.Build.0 = Release|Any CPU
		{7AADF6C7-182D-439C-977B-707045944D81}.Debug|Any CPU.ActiveCfg = Debug|Any CPU
		{7AADF6C7-182D-439C-977B-707045944D81}.Debug|Any CPU.Build.0 = Debug|Any CPU
		{7AADF6C7-182D-439C-977B-707045944D81}.Release|Any CPU.ActiveCfg = Release|Any CPU
		{7AADF6C7-182D-439C-977B-707045944D81}.Release|Any CPU.Build.0 = Release|Any CPU
		{A6B5C4FF-2370-4C2F-9B7A-A487B91C0438}.Debug|Any CPU.ActiveCfg = Debug|Any CPU
		{A6B5C4FF-2370-4C2F-9B7A-A487B91C0438}.Debug|Any CPU.Build.0 = Debug|Any CPU
		{A6B5C4FF-2370-4C2F-9B7A-A487B91C0438}.Release|Any CPU.ActiveCfg = Release|Any CPU
		{A6B5C4FF-2370-4C2F-9B7A-A487B91C0438}.Release|Any CPU.Build.0 = Release|Any CPU
		{C54BC58A-C498-49EB-B216-35AC766FAB16}.Debug|Any CPU.ActiveCfg = Debug|Any CPU
		{C54BC58A-C498-49EB-B216-35AC766FAB16}.Debug|Any CPU.Build.0 = Debug|Any CPU
		{C54BC58A-C498-49EB-B216-35AC766FAB16}.Release|Any CPU.ActiveCfg = Release|Any CPU
		{C54BC58A-C498-49EB-B216-35AC766FAB16}.Release|Any CPU.Build.0 = Release|Any CPU
		{DBDEC334-5F4A-4ADD-861B-CE336FC0FED1}.Debug|Any CPU.ActiveCfg = Debug|Any CPU
		{DBDEC334-5F4A-4ADD-861B-CE336FC0FED1}.Debug|Any CPU.Build.0 = Debug|Any CPU
		{DBDEC334-5F4A-4ADD-861B-CE336FC0FED1}.Release|Any CPU.ActiveCfg = Release|Any CPU
		{DBDEC334-5F4A-4ADD-861B-CE336FC0FED1}.Release|Any CPU.Build.0 = Release|Any CPU
		{59DFCB13-DFE6-4DED-A1F4-0A118E5FBE49}.Debug|Any CPU.ActiveCfg = Debug|Any CPU
		{59DFCB13-DFE6-4DED-A1F4-0A118E5FBE49}.Debug|Any CPU.Build.0 = Debug|Any CPU
		{59DFCB13-DFE6-4DED-A1F4-0A118E5FBE49}.Release|Any CPU.ActiveCfg = Release|Any CPU
		{59DFCB13-DFE6-4DED-A1F4-0A118E5FBE49}.Release|Any CPU.Build.0 = Release|Any CPU
		{970FE131-2261-4541-9338-CC5676D447BF}.Debug|Any CPU.ActiveCfg = Debug|Any CPU
		{970FE131-2261-4541-9338-CC5676D447BF}.Debug|Any CPU.Build.0 = Debug|Any CPU
		{970FE131-2261-4541-9338-CC5676D447BF}.Release|Any CPU.ActiveCfg = Release|Any CPU
		{970FE131-2261-4541-9338-CC5676D447BF}.Release|Any CPU.Build.0 = Release|Any CPU
		{E70840D1-18A8-4812-B776-DFBA8064538A}.Debug|Any CPU.ActiveCfg = Debug|Any CPU
		{E70840D1-18A8-4812-B776-DFBA8064538A}.Debug|Any CPU.Build.0 = Debug|Any CPU
		{E70840D1-18A8-4812-B776-DFBA8064538A}.Release|Any CPU.ActiveCfg = Release|Any CPU
		{E70840D1-18A8-4812-B776-DFBA8064538A}.Release|Any CPU.Build.0 = Release|Any CPU
		{749A4214-0B29-47C4-B1D8-E5D9570FA367}.Debug|Any CPU.ActiveCfg = Debug|Any CPU
		{749A4214-0B29-47C4-B1D8-E5D9570FA367}.Debug|Any CPU.Build.0 = Debug|Any CPU
		{749A4214-0B29-47C4-B1D8-E5D9570FA367}.Release|Any CPU.ActiveCfg = Release|Any CPU
		{749A4214-0B29-47C4-B1D8-E5D9570FA367}.Release|Any CPU.Build.0 = Release|Any CPU
		{90189A20-321D-4EB2-83C7-9A7B555A1C47}.Debug|Any CPU.ActiveCfg = Debug|Any CPU
		{90189A20-321D-4EB2-83C7-9A7B555A1C47}.Debug|Any CPU.Build.0 = Debug|Any CPU
		{90189A20-321D-4EB2-83C7-9A7B555A1C47}.Release|Any CPU.ActiveCfg = Release|Any CPU
		{90189A20-321D-4EB2-83C7-9A7B555A1C47}.Release|Any CPU.Build.0 = Release|Any CPU
		{7048E6C6-782B-4FC2-BF45-CF1D8C776EE8}.Debug|Any CPU.ActiveCfg = Debug|Any CPU
		{7048E6C6-782B-4FC2-BF45-CF1D8C776EE8}.Debug|Any CPU.Build.0 = Debug|Any CPU
		{7048E6C6-782B-4FC2-BF45-CF1D8C776EE8}.Release|Any CPU.ActiveCfg = Release|Any CPU
		{7048E6C6-782B-4FC2-BF45-CF1D8C776EE8}.Release|Any CPU.Build.0 = Release|Any CPU
	EndGlobalSection
	GlobalSection(SolutionProperties) = preSolution
		HideSolutionNode = FALSE
	EndGlobalSection
	GlobalSection(ExtensibilityGlobals) = postSolution
		SolutionGuid = {69E014D1-107F-47E6-8F24-41FFC20E1D9A}
	EndGlobalSection
EndGlobal
