
Microsoft Visual Studio Solution File, Format Version 12.00
# Visual Studio Version 17
VisualStudioVersion = 17.14.36623.8 d17.14
MinimumVisualStudioVersion = 10.0.40219.1
Project("{FAE04EC0-301F-11D3-BF4B-00C04F79EFBC}") = "ASP-A2.10-LogiTrack S.A", "ASP-A2.10-LogiTrack S.A\ASP-A2.10-LogiTrack S.A.csproj", "{2D99CC88-398B-4359-BC62-E02BE82AAB08}"
EndProject
Global
	GlobalSection(SolutionConfigurationPlatforms) = preSolution
		Debug|Any CPU = Debug|Any CPU
		Release|Any CPU = Release|Any CPU
	EndGlobalSection
	GlobalSection(ProjectConfigurationPlatforms) = postSolution
		{2D99CC88-398B-4359-BC62-E02BE82AAB08}.Debug|Any CPU.ActiveCfg = Debug|Any CPU
		{2D99CC88-398B-4359-BC62-E02BE82AAB08}.Debug|Any CPU.Build.0 = Debug|Any CPU
		{2D99CC88-398B-4359-BC62-E02BE82AAB08}.Release|Any CPU.ActiveCfg = Release|Any CPU
		{2D99CC88-398B-4359-BC62-E02BE82AAB08}.Release|Any CPU.Build.0 = Release|Any CPU
	EndGlobalSection
	GlobalSection(SolutionProperties) = preSolution
		HideSolutionNode = FALSE
	EndGlobalSection
	GlobalSection(ExtensibilityGlobals) = postSolution
		SolutionGuid = {2F7F7866-9FDE-4F7F-AF66-5F56519379B6}
	EndGlobalSection
EndGlobal
